// !$*UTF8*$!
{
	archiveVersion = 1;
	classes = {
	};
	objectVersion = 56;
	objects = {

/* Begin PBXBuildFile section */
		28F33BD62A3A42D1004F47F7 /* SwiftyShaderApp.swift in Sources */ = {isa = PBXBuildFile; fileRef = 28F33BD52A3A42D1004F47F7 /* SwiftyShaderApp.swift */; };
		28F33BDC2A3A42D2004F47F7 /* Assets.xcassets in Resources */ = {isa = PBXBuildFile; fileRef = 28F33BDB2A3A42D2004F47F7 /* Assets.xcassets */; };
		28F33BE02A3A42D2004F47F7 /* Preview Assets.xcassets in Resources */ = {isa = PBXBuildFile; fileRef = 28F33BDF2A3A42D2004F47F7 /* Preview Assets.xcassets */; };
		28F33BEB2A3A42D3004F47F7 /* SwiftyShaderTests.swift in Sources */ = {isa = PBXBuildFile; fileRef = 28F33BEA2A3A42D3004F47F7 /* SwiftyShaderTests.swift */; };
		28F33BF52A3A42D3004F47F7 /* SwiftyShaderUITests.swift in Sources */ = {isa = PBXBuildFile; fileRef = 28F33BF42A3A42D3004F47F7 /* SwiftyShaderUITests.swift */; };
		28F33BF72A3A42D3004F47F7 /* SwiftyShaderUITestsLaunchTests.swift in Sources */ = {isa = PBXBuildFile; fileRef = 28F33BF62A3A42D3004F47F7 /* SwiftyShaderUITestsLaunchTests.swift */; };
		28F33C042A3A42EC004F47F7 /* Shaders.metal in Sources */ = {isa = PBXBuildFile; fileRef = 28F33C032A3A42EC004F47F7 /* Shaders.metal */; };
		28F33C062A3A4322004F47F7 /* SwiftyShaderView.swift in Sources */ = {isa = PBXBuildFile; fileRef = 28F33C052A3A4322004F47F7 /* SwiftyShaderView.swift */; };
		28F33C082A3A55A1004F47F7 /* View+ColorEffect.swift in Sources */ = {isa = PBXBuildFile; fileRef = 28F33C072A3A55A1004F47F7 /* View+ColorEffect.swift */; };
		28F33C0A2A3A55C0004F47F7 /* View+LayerEffect.swift in Sources */ = {isa = PBXBuildFile; fileRef = 28F33C092A3A55C0004F47F7 /* View+LayerEffect.swift */; };
		28F33C0C2A3A55D3004F47F7 /* AquaShaderView.swift in Sources */ = {isa = PBXBuildFile; fileRef = 28F33C0B2A3A55D3004F47F7 /* AquaShaderView.swift */; };
		28F33C0E2A3A55DE004F47F7 /* GradientifyShaderView.swift in Sources */ = {isa = PBXBuildFile; fileRef = 28F33C0D2A3A55DE004F47F7 /* GradientifyShaderView.swift */; };
		28F33C102A3A55EE004F47F7 /* RemoveRedShaderView.swift in Sources */ = {isa = PBXBuildFile; fileRef = 28F33C0F2A3A55EE004F47F7 /* RemoveRedShaderView.swift */; };
		28F33C162A3A586F004F47F7 /* GradientSubstractShaderView.swift in Sources */ = {isa = PBXBuildFile; fileRef = 28F33C152A3A586F004F47F7 /* GradientSubstractShaderView.swift */; };
/* End PBXBuildFile section */

/* Begin PBXContainerItemProxy section */
		28F33BE72A3A42D3004F47F7 /* PBXContainerItemProxy */ = {
			isa = PBXContainerItemProxy;
			containerPortal = 28F33BCA2A3A42D1004F47F7 /* Project object */;
			proxyType = 1;
			remoteGlobalIDString = 28F33BD12A3A42D1004F47F7;
			remoteInfo = SwiftyShader;
		};
		28F33BF12A3A42D3004F47F7 /* PBXContainerItemProxy */ = {
			isa = PBXContainerItemProxy;
			containerPortal = 28F33BCA2A3A42D1004F47F7 /* Project object */;
			proxyType = 1;
			remoteGlobalIDString = 28F33BD12A3A42D1004F47F7;
			remoteInfo = SwiftyShader;
		};
/* End PBXContainerItemProxy section */

/* Begin PBXFileReference section */
		28F33BD22A3A42D1004F47F7 /* SwiftyShader.app */ = {isa = PBXFileReference; explicitFileType = wrapper.application; includeInIndex = 0; path = SwiftyShader.app; sourceTree = BUILT_PRODUCTS_DIR; };
		28F33BD52A3A42D1004F47F7 /* SwiftyShaderApp.swift */ = {isa = PBXFileReference; lastKnownFileType = sourcecode.swift; path = SwiftyShaderApp.swift; sourceTree = "<group>"; };
		28F33BDB2A3A42D2004F47F7 /* Assets.xcassets */ = {isa = PBXFileReference; lastKnownFileType = folder.assetcatalog; path = Assets.xcassets; sourceTree = "<group>"; };
		28F33BDD2A3A42D2004F47F7 /* SwiftyShader.entitlements */ = {isa = PBXFileReference; lastKnownFileType = text.plist.entitlements; path = SwiftyShader.entitlements; sourceTree = "<group>"; };
		28F33BDF2A3A42D2004F47F7 /* Preview Assets.xcassets */ = {isa = PBXFileReference; lastKnownFileType = folder.assetcatalog; path = "Preview Assets.xcassets"; sourceTree = "<group>"; };
		28F33BE12A3A42D2004F47F7 /* Info.plist */ = {isa = PBXFileReference; lastKnownFileType = text.plist.xml; path = Info.plist; sourceTree = "<group>"; };
		28F33BE62A3A42D3004F47F7 /* SwiftyShaderTests.xctest */ = {isa = PBXFileReference; explicitFileType = wrapper.cfbundle; includeInIndex = 0; path = SwiftyShaderTests.xctest; sourceTree = BUILT_PRODUCTS_DIR; };
		28F33BEA2A3A42D3004F47F7 /* SwiftyShaderTests.swift */ = {isa = PBXFileReference; lastKnownFileType = sourcecode.swift; path = SwiftyShaderTests.swift; sourceTree = "<group>"; };
		28F33BF02A3A42D3004F47F7 /* SwiftyShaderUITests.xctest */ = {isa = PBXFileReference; explicitFileType = wrapper.cfbundle; includeInIndex = 0; path = SwiftyShaderUITests.xctest; sourceTree = BUILT_PRODUCTS_DIR; };
		28F33BF42A3A42D3004F47F7 /* SwiftyShaderUITests.swift */ = {isa = PBXFileReference; lastKnownFileType = sourcecode.swift; path = SwiftyShaderUITests.swift; sourceTree = "<group>"; };
		28F33BF62A3A42D3004F47F7 /* SwiftyShaderUITestsLaunchTests.swift */ = {isa = PBXFileReference; lastKnownFileType = sourcecode.swift; path = SwiftyShaderUITestsLaunchTests.swift; sourceTree = "<group>"; };
		28F33C032A3A42EC004F47F7 /* Shaders.metal */ = {isa = PBXFileReference; lastKnownFileType = sourcecode.metal; path = Shaders.metal; sourceTree = "<group>"; };
		28F33C052A3A4322004F47F7 /* SwiftyShaderView.swift */ = {isa = PBXFileReference; lastKnownFileType = sourcecode.swift; path = SwiftyShaderView.swift; sourceTree = "<group>"; };
		28F33C072A3A55A1004F47F7 /* View+ColorEffect.swift */ = {isa = PBXFileReference; lastKnownFileType = sourcecode.swift; path = "View+ColorEffect.swift"; sourceTree = "<group>"; };
		28F33C092A3A55C0004F47F7 /* View+LayerEffect.swift */ = {isa = PBXFileReference; lastKnownFileType = sourcecode.swift; path = "View+LayerEffect.swift"; sourceTree = "<group>"; };
		28F33C0B2A3A55D3004F47F7 /* AquaShaderView.swift */ = {isa = PBXFileReference; lastKnownFileType = sourcecode.swift; path = AquaShaderView.swift; sourceTree = "<group>"; };
		28F33C0D2A3A55DE004F47F7 /* GradientifyShaderView.swift */ = {isa = PBXFileReference; lastKnownFileType = sourcecode.swift; path = GradientifyShaderView.swift; sourceTree = "<group>"; };
		28F33C0F2A3A55EE004F47F7 /* RemoveRedShaderView.swift */ = {isa = PBXFileReference; lastKnownFileType = sourcecode.swift; path = RemoveRedShaderView.swift; sourceTree = "<group>"; };
		28F33C152A3A586F004F47F7 /* GradientSubstractShaderView.swift */ = {isa = PBXFileReference; lastKnownFileType = sourcecode.swift; path = GradientSubstractShaderView.swift; sourceTree = "<group>"; };
/* End PBXFileReference section */

/* Begin PBXFrameworksBuildPhase section */
		28F33BCF2A3A42D1004F47F7 /* Frameworks */ = {
			isa = PBXFrameworksBuildPhase;
			buildActionMask = 2147483647;
			files = (
			);
			runOnlyForDeploymentPostprocessing = 0;
		};
		28F33BE32A3A42D3004F47F7 /* Frameworks */ = {
			isa = PBXFrameworksBuildPhase;
			buildActionMask = 2147483647;
			files = (
			);
			runOnlyForDeploymentPostprocessing = 0;
		};
		28F33BED2A3A42D3004F47F7 /* Frameworks */ = {
			isa = PBXFrameworksBuildPhase;
			buildActionMask = 2147483647;
			files = (
			);
			runOnlyForDeploymentPostprocessing = 0;
		};
/* End PBXFrameworksBuildPhase section */

/* Begin PBXGroup section */
		28F33BC92A3A42D1004F47F7 = {
			isa = PBXGroup;
			children = (
				28F33BD42A3A42D1004F47F7 /* SwiftyShader */,
				28F33BE92A3A42D3004F47F7 /* SwiftyShaderTests */,
				28F33BF32A3A42D3004F47F7 /* SwiftyShaderUITests */,
				28F33BD32A3A42D1004F47F7 /* Products */,
			);
			sourceTree = "<group>";
		};
		28F33BD32A3A42D1004F47F7 /* Products */ = {
			isa = PBXGroup;
			children = (
				28F33BD22A3A42D1004F47F7 /* SwiftyShader.app */,
				28F33BE62A3A42D3004F47F7 /* SwiftyShaderTests.xctest */,
				28F33BF02A3A42D3004F47F7 /* SwiftyShaderUITests.xctest */,
			);
			name = Products;
			sourceTree = "<group>";
		};
		28F33BD42A3A42D1004F47F7 /* SwiftyShader */ = {
			isa = PBXGroup;
			children = (
				28F33C132A3A5643004F47F7 /* View+Shader */,
				28F33C112A3A5617004F47F7 /* ShaderViews */,
				28F33BD52A3A42D1004F47F7 /* SwiftyShaderApp.swift */,
				28F33BDB2A3A42D2004F47F7 /* Assets.xcassets */,
				28F33BDD2A3A42D2004F47F7 /* SwiftyShader.entitlements */,
				28F33BE12A3A42D2004F47F7 /* Info.plist */,
				28F33BDE2A3A42D2004F47F7 /* Preview Content */,
				28F33C032A3A42EC004F47F7 /* Shaders.metal */,
			);
			path = SwiftyShader;
			sourceTree = "<group>";
		};
		28F33BDE2A3A42D2004F47F7 /* Preview Content */ = {
			isa = PBXGroup;
			children = (
				28F33BDF2A3A42D2004F47F7 /* Preview Assets.xcassets */,
			);
			path = "Preview Content";
			sourceTree = "<group>";
		};
		28F33BE92A3A42D3004F47F7 /* SwiftyShaderTests */ = {
			isa = PBXGroup;
			children = (
				28F33BEA2A3A42D3004F47F7 /* SwiftyShaderTests.swift */,
			);
			path = SwiftyShaderTests;
			sourceTree = "<group>";
		};
		28F33BF32A3A42D3004F47F7 /* SwiftyShaderUITests */ = {
			isa = PBXGroup;
			children = (
				28F33BF42A3A42D3004F47F7 /* SwiftyShaderUITests.swift */,
				28F33BF62A3A42D3004F47F7 /* SwiftyShaderUITestsLaunchTests.swift */,
			);
			path = SwiftyShaderUITests;
			sourceTree = "<group>";
		};
		28F33C112A3A5617004F47F7 /* ShaderViews */ = {
			isa = PBXGroup;
			children = (
				28F33C142A3A5862004F47F7 /* LayerEffectShaderViews */,
				28F33C052A3A4322004F47F7 /* SwiftyShaderView.swift */,
				28F33C122A3A5629004F47F7 /* ColorEffectShaderViews */,
			);
			path = ShaderViews;
			sourceTree = "<group>";
		};
		28F33C122A3A5629004F47F7 /* ColorEffectShaderViews */ = {
			isa = PBXGroup;
			children = (
				28F33C0B2A3A55D3004F47F7 /* AquaShaderView.swift */,
				28F33C0D2A3A55DE004F47F7 /* GradientifyShaderView.swift */,
				28F33C0F2A3A55EE004F47F7 /* RemoveRedShaderView.swift */,
			);
			path = ColorEffectShaderViews;
			sourceTree = "<group>";
		};
		28F33C132A3A5643004F47F7 /* View+Shader */ = {
			isa = PBXGroup;
			children = (
				28F33C072A3A55A1004F47F7 /* View+ColorEffect.swift */,
				28F33C092A3A55C0004F47F7 /* View+LayerEffect.swift */,
			);
			path = "View+Shader";
			sourceTree = "<group>";
		};
		28F33C142A3A5862004F47F7 /* LayerEffectShaderViews */ = {
			isa = PBXGroup;
			children = (
				28F33C152A3A586F004F47F7 /* GradientSubstractShaderView.swift */,
			);
			path = LayerEffectShaderViews;
			sourceTree = "<group>";
		};
/* End PBXGroup section */

/* Begin PBXNativeTarget section */
		28F33BD12A3A42D1004F47F7 /* SwiftyShader */ = {
			isa = PBXNativeTarget;
			buildConfigurationList = 28F33BFA2A3A42D3004F47F7 /* Build configuration list for PBXNativeTarget "SwiftyShader" */;
			buildPhases = (
				28F33BCE2A3A42D1004F47F7 /* Sources */,
				28F33BCF2A3A42D1004F47F7 /* Frameworks */,
				28F33BD02A3A42D1004F47F7 /* Resources */,
			);
			buildRules = (
			);
			dependencies = (
			);
			name = SwiftyShader;
			productName = SwiftyShader;
			productReference = 28F33BD22A3A42D1004F47F7 /* SwiftyShader.app */;
			productType = "com.apple.product-type.application";
		};
		28F33BE52A3A42D3004F47F7 /* SwiftyShaderTests */ = {
			isa = PBXNativeTarget;
			buildConfigurationList = 28F33BFD2A3A42D3004F47F7 /* Build configuration list for PBXNativeTarget "SwiftyShaderTests" */;
			buildPhases = (
				28F33BE22A3A42D3004F47F7 /* Sources */,
				28F33BE32A3A42D3004F47F7 /* Frameworks */,
				28F33BE42A3A42D3004F47F7 /* Resources */,
			);
			buildRules = (
			);
			dependencies = (
				28F33BE82A3A42D3004F47F7 /* PBXTargetDependency */,
			);
			name = SwiftyShaderTests;
			productName = SwiftyShaderTests;
			productReference = 28F33BE62A3A42D3004F47F7 /* SwiftyShaderTests.xctest */;
			productType = "com.apple.product-type.bundle.unit-test";
		};
		28F33BEF2A3A42D3004F47F7 /* SwiftyShaderUITests */ = {
			isa = PBXNativeTarget;
			buildConfigurationList = 28F33C002A3A42D3004F47F7 /* Build configuration list for PBXNativeTarget "SwiftyShaderUITests" */;
			buildPhases = (
				28F33BEC2A3A42D3004F47F7 /* Sources */,
				28F33BED2A3A42D3004F47F7 /* Frameworks */,
				28F33BEE2A3A42D3004F47F7 /* Resources */,
			);
			buildRules = (
			);
			dependencies = (
				28F33BF22A3A42D3004F47F7 /* PBXTargetDependency */,
			);
			name = SwiftyShaderUITests;
			productName = SwiftyShaderUITests;
			productReference = 28F33BF02A3A42D3004F47F7 /* SwiftyShaderUITests.xctest */;
			productType = "com.apple.product-type.bundle.ui-testing";
		};
/* End PBXNativeTarget section */

/* Begin PBXProject section */
		28F33BCA2A3A42D1004F47F7 /* Project object */ = {
			isa = PBXProject;
			attributes = {
				BuildIndependentTargetsInParallel = 1;
				LastSwiftUpdateCheck = 1500;
				LastUpgradeCheck = 1500;
				TargetAttributes = {
					28F33BD12A3A42D1004F47F7 = {
						CreatedOnToolsVersion = 15.0;
					};
					28F33BE52A3A42D3004F47F7 = {
						CreatedOnToolsVersion = 15.0;
						TestTargetID = 28F33BD12A3A42D1004F47F7;
					};
					28F33BEF2A3A42D3004F47F7 = {
						CreatedOnToolsVersion = 15.0;
						TestTargetID = 28F33BD12A3A42D1004F47F7;
					};
				};
			};
			buildConfigurationList = 28F33BCD2A3A42D1004F47F7 /* Build configuration list for PBXProject "SwiftyShader" */;
			compatibilityVersion = "Xcode 14.0";
			developmentRegion = en;
			hasScannedForEncodings = 0;
			knownRegions = (
				en,
				Base,
			);
			mainGroup = 28F33BC92A3A42D1004F47F7;
			productRefGroup = 28F33BD32A3A42D1004F47F7 /* Products */;
			projectDirPath = "";
			projectRoot = "";
			targets = (
				28F33BD12A3A42D1004F47F7 /* SwiftyShader */,
				28F33BE52A3A42D3004F47F7 /* SwiftyShaderTests */,
				28F33BEF2A3A42D3004F47F7 /* SwiftyShaderUITests */,
			);
		};
/* End PBXProject section */

/* Begin PBXResourcesBuildPhase section */
		28F33BD02A3A42D1004F47F7 /* Resources */ = {
			isa = PBXResourcesBuildPhase;
			buildActionMask = 2147483647;
			files = (
				28F33BE02A3A42D2004F47F7 /* Preview Assets.xcassets in Resources */,
				28F33BDC2A3A42D2004F47F7 /* Assets.xcassets in Resources */,
			);
			runOnlyForDeploymentPostprocessing = 0;
		};
		28F33BE42A3A42D3004F47F7 /* Resources */ = {
			isa = PBXResourcesBuildPhase;
			buildActionMask = 2147483647;
			files = (
			);
			runOnlyForDeploymentPostprocessing = 0;
		};
		28F33BEE2A3A42D3004F47F7 /* Resources */ = {
			isa = PBXResourcesBuildPhase;
			buildActionMask = 2147483647;
			files = (
			);
			runOnlyForDeploymentPostprocessing = 0;
		};
/* End PBXResourcesBuildPhase section */

/* Begin PBXSourcesBuildPhase section */
		28F33BCE2A3A42D1004F47F7 /* Sources */ = {
			isa = PBXSourcesBuildPhase;
			buildActionMask = 2147483647;
			files = (
				28F33C042A3A42EC004F47F7 /* Shaders.metal in Sources */,
				28F33C0C2A3A55D3004F47F7 /* AquaShaderView.swift in Sources */,
				28F33C0E2A3A55DE004F47F7 /* GradientifyShaderView.swift in Sources */,
				28F33C062A3A4322004F47F7 /* SwiftyShaderView.swift in Sources */,
				28F33C102A3A55EE004F47F7 /* RemoveRedShaderView.swift in Sources */,
				28F33C0A2A3A55C0004F47F7 /* View+LayerEffect.swift in Sources */,
				28F33BD62A3A42D1004F47F7 /* SwiftyShaderApp.swift in Sources */,
				28F33C082A3A55A1004F47F7 /* View+ColorEffect.swift in Sources */,
				28F33C162A3A586F004F47F7 /* GradientSubstractShaderView.swift in Sources */,
			);
			runOnlyForDeploymentPostprocessing = 0;
		};
		28F33BE22A3A42D3004F47F7 /* Sources */ = {
			isa = PBXSourcesBuildPhase;
			buildActionMask = 2147483647;
			files = (
				28F33BEB2A3A42D3004F47F7 /* SwiftyShaderTests.swift in Sources */,
			);
			runOnlyForDeploymentPostprocessing = 0;
		};
		28F33BEC2A3A42D3004F47F7 /* Sources */ = {
			isa = PBXSourcesBuildPhase;
			buildActionMask = 2147483647;
			files = (
				28F33BF52A3A42D3004F47F7 /* SwiftyShaderUITests.swift in Sources */,
				28F33BF72A3A42D3004F47F7 /* SwiftyShaderUITestsLaunchTests.swift in Sources */,
			);
			runOnlyForDeploymentPostprocessing = 0;
		};
/* End PBXSourcesBuildPhase section */

/* Begin PBXTargetDependency section */
		28F33BE82A3A42D3004F47F7 /* PBXTargetDependency */ = {
			isa = PBXTargetDependency;
			target = 28F33BD12A3A42D1004F47F7 /* SwiftyShader */;
			targetProxy = 28F33BE72A3A42D3004F47F7 /* PBXContainerItemProxy */;
		};
		28F33BF22A3A42D3004F47F7 /* PBXTargetDependency */ = {
			isa = PBXTargetDependency;
			target = 28F33BD12A3A42D1004F47F7 /* SwiftyShader */;
			targetProxy = 28F33BF12A3A42D3004F47F7 /* PBXContainerItemProxy */;
		};
/* End PBXTargetDependency section */

/* Begin XCBuildConfiguration section */
		28F33BF82A3A42D3004F47F7 /* Debug */ = {
			isa = XCBuildConfiguration;
			buildSettings = {
				ALWAYS_SEARCH_USER_PATHS = NO;
				ASSETCATALOG_COMPILER_GENERATE_SWIFT_ASSET_SYMBOL_EXTENSIONS = YES;
				CLANG_ANALYZER_NONNULL = YES;
				CLANG_ANALYZER_NUMBER_OBJECT_CONVERSION = YES_AGGRESSIVE;
				CLANG_CXX_LANGUAGE_STANDARD = "gnu++20";
				CLANG_ENABLE_MODULES = YES;
				CLANG_ENABLE_OBJC_ARC = YES;
				CLANG_ENABLE_OBJC_WEAK = YES;
				CLANG_WARN_BLOCK_CAPTURE_AUTORELEASING = YES;
				CLANG_WARN_BOOL_CONVERSION = YES;
				CLANG_WARN_COMMA = YES;
				CLANG_WARN_CONSTANT_CONVERSION = YES;
				CLANG_WARN_DEPRECATED_OBJC_IMPLEMENTATIONS = YES;
				CLANG_WARN_DIRECT_OBJC_ISA_USAGE = YES_ERROR;
				CLANG_WARN_DOCUMENTATION_COMMENTS = YES;
				CLANG_WARN_EMPTY_BODY = YES;
				CLANG_WARN_ENUM_CONVERSION = YES;
				CLANG_WARN_INFINITE_RECURSION = YES;
				CLANG_WARN_INT_CONVERSION = YES;
				CLANG_WARN_NON_LITERAL_NULL_CONVERSION = YES;
				CLANG_WARN_OBJC_IMPLICIT_RETAIN_SELF = YES;
				CLANG_WARN_OBJC_LITERAL_CONVERSION = YES;
				CLANG_WARN_OBJC_ROOT_CLASS = YES_ERROR;
				CLANG_WARN_QUOTED_INCLUDE_IN_FRAMEWORK_HEADER = YES;
				CLANG_WARN_RANGE_LOOP_ANALYSIS = YES;
				CLANG_WARN_STRICT_PROTOTYPES = YES;
				CLANG_WARN_SUSPICIOUS_MOVE = YES;
				CLANG_WARN_UNGUARDED_AVAILABILITY = YES_AGGRESSIVE;
				CLANG_WARN_UNREACHABLE_CODE = YES;
				CLANG_WARN__DUPLICATE_METHOD_MATCH = YES;
				COPY_PHASE_STRIP = NO;
				DEBUG_INFORMATION_FORMAT = dwarf;
				ENABLE_STRICT_OBJC_MSGSEND = YES;
				ENABLE_TESTABILITY = YES;
				ENABLE_USER_SCRIPT_SANDBOXING = YES;
				GCC_C_LANGUAGE_STANDARD = gnu17;
				GCC_DYNAMIC_NO_PIC = NO;
				GCC_NO_COMMON_BLOCKS = YES;
				GCC_OPTIMIZATION_LEVEL = 0;
				GCC_PREPROCESSOR_DEFINITIONS = (
					"DEBUG=1",
					"$(inherited)",
				);
				GCC_WARN_64_TO_32_BIT_CONVERSION = YES;
				GCC_WARN_ABOUT_RETURN_TYPE = YES_ERROR;
				GCC_WARN_UNDECLARED_SELECTOR = YES;
				GCC_WARN_UNINITIALIZED_AUTOS = YES_AGGRESSIVE;
				GCC_WARN_UNUSED_FUNCTION = YES;
				GCC_WARN_UNUSED_VARIABLE = YES;
				LOCALIZATION_PREFERS_STRING_CATALOGS = YES;
				MTL_ENABLE_DEBUG_INFO = INCLUDE_SOURCE;
				MTL_FAST_MATH = YES;
				ONLY_ACTIVE_ARCH = YES;
				SWIFT_ACTIVE_COMPILATION_CONDITIONS = "DEBUG $(inherited)";
				SWIFT_OPTIMIZATION_LEVEL = "-Onone";
			};
			name = Debug;
		};
		28F33BF92A3A42D3004F47F7 /* Release */ = {
			isa = XCBuildConfiguration;
			buildSettings = {
				ALWAYS_SEARCH_USER_PATHS = NO;
				ASSETCATALOG_COMPILER_GENERATE_SWIFT_ASSET_SYMBOL_EXTENSIONS = YES;
				CLANG_ANALYZER_NONNULL = YES;
				CLANG_ANALYZER_NUMBER_OBJECT_CONVERSION = YES_AGGRESSIVE;
				CLANG_CXX_LANGUAGE_STANDARD = "gnu++20";
				CLANG_ENABLE_MODULES = YES;
				CLANG_ENABLE_OBJC_ARC = YES;
				CLANG_ENABLE_OBJC_WEAK = YES;
				CLANG_WARN_BLOCK_CAPTURE_AUTORELEASING = YES;
				CLANG_WARN_BOOL_CONVERSION = YES;
				CLANG_WARN_COMMA = YES;
				CLANG_WARN_CONSTANT_CONVERSION = YES;
				CLANG_WARN_DEPRECATED_OBJC_IMPLEMENTATIONS = YES;
				CLANG_WARN_DIRECT_OBJC_ISA_USAGE = YES_ERROR;
				CLANG_WARN_DOCUMENTATION_COMMENTS = YES;
				CLANG_WARN_EMPTY_BODY = YES;
				CLANG_WARN_ENUM_CONVERSION = YES;
				CLANG_WARN_INFINITE_RECURSION = YES;
				CLANG_WARN_INT_CONVERSION = YES;
				CLANG_WARN_NON_LITERAL_NULL_CONVERSION = YES;
				CLANG_WARN_OBJC_IMPLICIT_RETAIN_SELF = YES;
				CLANG_WARN_OBJC_LITERAL_CONVERSION = YES;
				CLANG_WARN_OBJC_ROOT_CLASS = YES_ERROR;
				CLANG_WARN_QUOTED_INCLUDE_IN_FRAMEWORK_HEADER = YES;
				CLANG_WARN_RANGE_LOOP_ANALYSIS = YES;
				CLANG_WARN_STRICT_PROTOTYPES = YES;
				CLANG_WARN_SUSPICIOUS_MOVE = YES;
				CLANG_WARN_UNGUARDED_AVAILABILITY = YES_AGGRESSIVE;
				CLANG_WARN_UNREACHABLE_CODE = YES;
				CLANG_WARN__DUPLICATE_METHOD_MATCH = YES;
				COPY_PHASE_STRIP = NO;
				DEBUG_INFORMATION_FORMAT = "dwarf-with-dsym";
				ENABLE_NS_ASSERTIONS = NO;
				ENABLE_STRICT_OBJC_MSGSEND = YES;
				ENABLE_USER_SCRIPT_SANDBOXING = YES;
				GCC_C_LANGUAGE_STANDARD = gnu17;
				GCC_NO_COMMON_BLOCKS = YES;
				GCC_WARN_64_TO_32_BIT_CONVERSION = YES;
				GCC_WARN_ABOUT_RETURN_TYPE = YES_ERROR;
				GCC_WARN_UNDECLARED_SELECTOR = YES;
				GCC_WARN_UNINITIALIZED_AUTOS = YES_AGGRESSIVE;
				GCC_WARN_UNUSED_FUNCTION = YES;
				GCC_WARN_UNUSED_VARIABLE = YES;
				LOCALIZATION_PREFERS_STRING_CATALOGS = YES;
				MTL_ENABLE_DEBUG_INFO = NO;
				MTL_FAST_MATH = YES;
				SWIFT_COMPILATION_MODE = wholemodule;
			};
			name = Release;
		};
		28F33BFB2A3A42D3004F47F7 /* Debug */ = {
			isa = XCBuildConfiguration;
			buildSettings = {
				ASSETCATALOG_COMPILER_APPICON_NAME = AppIcon;
				ASSETCATALOG_COMPILER_GLOBAL_ACCENT_COLOR_NAME = AccentColor;
				CODE_SIGN_ENTITLEMENTS = SwiftyShader/SwiftyShader.entitlements;
				CODE_SIGN_STYLE = Automatic;
				CURRENT_PROJECT_VERSION = 1;
				DEVELOPMENT_ASSET_PATHS = "\"SwiftyShader/Preview Content\"";
				DEVELOPMENT_TEAM = NWJALMT777;
				ENABLE_HARDENED_RUNTIME = YES;
				ENABLE_PREVIEWS = YES;
				GENERATE_INFOPLIST_FILE = YES;
				INFOPLIST_FILE = SwiftyShader/Info.plist;
				"INFOPLIST_KEY_UIApplicationSceneManifest_Generation[sdk=iphoneos*]" = YES;
				"INFOPLIST_KEY_UIApplicationSceneManifest_Generation[sdk=iphonesimulator*]" = YES;
				"INFOPLIST_KEY_UIApplicationSupportsIndirectInputEvents[sdk=iphoneos*]" = YES;
				"INFOPLIST_KEY_UIApplicationSupportsIndirectInputEvents[sdk=iphonesimulator*]" = YES;
				"INFOPLIST_KEY_UILaunchScreen_Generation[sdk=iphoneos*]" = YES;
				"INFOPLIST_KEY_UILaunchScreen_Generation[sdk=iphonesimulator*]" = YES;
				"INFOPLIST_KEY_UIStatusBarStyle[sdk=iphoneos*]" = UIStatusBarStyleDefault;
				"INFOPLIST_KEY_UIStatusBarStyle[sdk=iphonesimulator*]" = UIStatusBarStyleDefault;
				INFOPLIST_KEY_UISupportedInterfaceOrientations_iPad = "UIInterfaceOrientationPortrait UIInterfaceOrientationPortraitUpsideDown UIInterfaceOrientationLandscapeLeft UIInterfaceOrientationLandscapeRight";
				INFOPLIST_KEY_UISupportedInterfaceOrientations_iPhone = "UIInterfaceOrientationPortrait UIInterfaceOrientationLandscapeLeft UIInterfaceOrientationLandscapeRight";
				IPHONEOS_DEPLOYMENT_TARGET = 17.0;
				LD_RUNPATH_SEARCH_PATHS = "@executable_path/Frameworks";
				"LD_RUNPATH_SEARCH_PATHS[sdk=macosx*]" = "@executable_path/../Frameworks";
				MACOSX_DEPLOYMENT_TARGET = 13.4;
				MARKETING_VERSION = 1.0;
				PRODUCT_BUNDLE_IDENTIFIER = in.amitsamant.SwiftyShader;
				PRODUCT_NAME = "$(TARGET_NAME)";
				SDKROOT = auto;
				SUPPORTED_PLATFORMS = "iphoneos iphonesimulator macosx";
				SWIFT_EMIT_LOC_STRINGS = YES;
				SWIFT_VERSION = 5.0;
				TARGETED_DEVICE_FAMILY = "1,2";
			};
			name = Debug;
		};
		28F33BFC2A3A42D3004F47F7 /* Release */ = {
			isa = XCBuildConfiguration;
			buildSettings = {
				ASSETCATALOG_COMPILER_APPICON_NAME = AppIcon;
				ASSETCATALOG_COMPILER_GLOBAL_ACCENT_COLOR_NAME = AccentColor;
				CODE_SIGN_ENTITLEMENTS = SwiftyShader/SwiftyShader.entitlements;
				CODE_SIGN_STYLE = Automatic;
				CURRENT_PROJECT_VERSION = 1;
				DEVELOPMENT_ASSET_PATHS = "\"SwiftyShader/Preview Content\"";
				DEVELOPMENT_TEAM = NWJALMT777;
				ENABLE_HARDENED_RUNTIME = YES;
				ENABLE_PREVIEWS = YES;
				GENERATE_INFOPLIST_FILE = YES;
				INFOPLIST_FILE = SwiftyShader/Info.plist;
				"INFOPLIST_KEY_UIApplicationSceneManifest_Generation[sdk=iphoneos*]" = YES;
				"INFOPLIST_KEY_UIApplicationSceneManifest_Generation[sdk=iphonesimulator*]" = YES;
				"INFOPLIST_KEY_UIApplicationSupportsIndirectInputEvents[sdk=iphoneos*]" = YES;
				"INFOPLIST_KEY_UIApplicationSupportsIndirectInputEvents[sdk=iphonesimulator*]" = YES;
				"INFOPLIST_KEY_UILaunchScreen_Generation[sdk=iphoneos*]" = YES;
				"INFOPLIST_KEY_UILaunchScreen_Generation[sdk=iphonesimulator*]" = YES;
				"INFOPLIST_KEY_UIStatusBarStyle[sdk=iphoneos*]" = UIStatusBarStyleDefault;
				"INFOPLIST_KEY_UIStatusBarStyle[sdk=iphonesimulator*]" = UIStatusBarStyleDefault;
				INFOPLIST_KEY_UISupportedInterfaceOrientations_iPad = "UIInterfaceOrientationPortrait UIInterfaceOrientationPortraitUpsideDown UIInterfaceOrientationLandscapeLeft UIInterfaceOrientationLandscapeRight";
				INFOPLIST_KEY_UISupportedInterfaceOrientations_iPhone = "UIInterfaceOrientationPortrait UIInterfaceOrientationLandscapeLeft UIInterfaceOrientationLandscapeRight";
				IPHONEOS_DEPLOYMENT_TARGET = 17.0;
				LD_RUNPATH_SEARCH_PATHS = "@executable_path/Frameworks";
				"LD_RUNPATH_SEARCH_PATHS[sdk=macosx*]" = "@executable_path/../Frameworks";
				MACOSX_DEPLOYMENT_TARGET = 13.4;
				MARKETING_VERSION = 1.0;
				PRODUCT_BUNDLE_IDENTIFIER = in.amitsamant.SwiftyShader;
				PRODUCT_NAME = "$(TARGET_NAME)";
				SDKROOT = auto;
				SUPPORTED_PLATFORMS = "iphoneos iphonesimulator macosx";
				SWIFT_EMIT_LOC_STRINGS = YES;
				SWIFT_VERSION = 5.0;
				TARGETED_DEVICE_FAMILY = "1,2";
			};
			name = Release;
		};
		28F33BFE2A3A42D3004F47F7 /* Debug */ = {
			isa = XCBuildConfiguration;
			buildSettings = {
				ALWAYS_EMBED_SWIFT_STANDARD_LIBRARIES = YES;
				BUNDLE_LOADER = "$(TEST_HOST)";
				CODE_SIGN_STYLE = Automatic;
				CURRENT_PROJECT_VERSION = 1;
				DEVELOPMENT_TEAM = NWJALMT777;
				GENERATE_INFOPLIST_FILE = YES;
				IPHONEOS_DEPLOYMENT_TARGET = 17.0;
				MACOSX_DEPLOYMENT_TARGET = 13.4;
				MARKETING_VERSION = 1.0;
				PRODUCT_BUNDLE_IDENTIFIER = in.amitsamant.SwiftyShaderTests;
				PRODUCT_NAME = "$(TARGET_NAME)";
				SDKROOT = auto;
				SUPPORTED_PLATFORMS = "iphoneos iphonesimulator macosx";
				SWIFT_EMIT_LOC_STRINGS = NO;
				SWIFT_VERSION = 5.0;
				TARGETED_DEVICE_FAMILY = "1,2";
				TEST_HOST = "$(BUILT_PRODUCTS_DIR)/SwiftyShader.app/$(BUNDLE_EXECUTABLE_FOLDER_PATH)/SwiftyShader";
			};
			name = Debug;
		};
		28F33BFF2A3A42D3004F47F7 /* Release */ = {
			isa = XCBuildConfiguration;
			buildSettings = {
				ALWAYS_EMBED_SWIFT_STANDARD_LIBRARIES = YES;
				BUNDLE_LOADER = "$(TEST_HOST)";
				CODE_SIGN_STYLE = Automatic;
				CURRENT_PROJECT_VERSION = 1;
				DEVELOPMENT_TEAM = NWJALMT777;
				GENERATE_INFOPLIST_FILE = YES;
				IPHONEOS_DEPLOYMENT_TARGET = 17.0;
				MACOSX_DEPLOYMENT_TARGET = 13.4;
				MARKETING_VERSION = 1.0;
				PRODUCT_BUNDLE_IDENTIFIER = in.amitsamant.SwiftyShaderTests;
				PRODUCT_NAME = "$(TARGET_NAME)";
				SDKROOT = auto;
				SUPPORTED_PLATFORMS = "iphoneos iphonesimulator macosx";
				SWIFT_EMIT_LOC_STRINGS = NO;
				SWIFT_VERSION = 5.0;
				TARGETED_DEVICE_FAMILY = "1,2";
				TEST_HOST = "$(BUILT_PRODUCTS_DIR)/SwiftyShader.app/$(BUNDLE_EXECUTABLE_FOLDER_PATH)/SwiftyShader";
			};
			name = Release;
		};
		28F33C012A3A42D3004F47F7 /* Debug */ = {
			isa = XCBuildConfiguration;
			buildSettings = {
				ALWAYS_EMBED_SWIFT_STANDARD_LIBRARIES = YES;
				CODE_SIGN_STYLE = Automatic;
				CURRENT_PROJECT_VERSION = 1;
				DEVELOPMENT_TEAM = NWJALMT777;
				GENERATE_INFOPLIST_FILE = YES;
				IPHONEOS_DEPLOYMENT_TARGET = 17.0;
				MACOSX_DEPLOYMENT_TARGET = 13.4;
				MARKETING_VERSION = 1.0;
				PRODUCT_BUNDLE_IDENTIFIER = in.amitsamant.SwiftyShaderUITests;
				PRODUCT_NAME = "$(TARGET_NAME)";
				SDKROOT = auto;
				SUPPORTED_PLATFORMS = "iphoneos iphonesimulator macosx";
				SWIFT_EMIT_LOC_STRINGS = NO;
				SWIFT_VERSION = 5.0;
				TARGETED_DEVICE_FAMILY = "1,2";
				TEST_TARGET_NAME = SwiftyShader;
			};
			name = Debug;
		};
		28F33C022A3A42D3004F47F7 /* Release */ = {
			isa = XCBuildConfiguration;
			buildSettings = {
				ALWAYS_EMBED_SWIFT_STANDARD_LIBRARIES = YES;
				CODE_SIGN_STYLE = Automatic;
				CURRENT_PROJECT_VERSION = 1;
				DEVELOPMENT_TEAM = NWJALMT777;
				GENERATE_INFOPLIST_FILE = YES;
				IPHONEOS_DEPLOYMENT_TARGET = 17.0;
				MACOSX_DEPLOYMENT_TARGET = 13.4;
				MARKETING_VERSION = 1.0;
				PRODUCT_BUNDLE_IDENTIFIER = in.amitsamant.SwiftyShaderUITests;
				PRODUCT_NAME = "$(TARGET_NAME)";
				SDKROOT = auto;
				SUPPORTED_PLATFORMS = "iphoneos iphonesimulator macosx";
				SWIFT_EMIT_LOC_STRINGS = NO;
				SWIFT_VERSION = 5.0;
				TARGETED_DEVICE_FAMILY = "1,2";
				TEST_TARGET_NAME = SwiftyShader;
			};
			name = Release;
		};
/* End XCBuildConfiguration section */

/* Begin XCConfigurationList section */
		28F33BCD2A3A42D1004F47F7 /* Build configuration list for PBXProject "SwiftyShader" */ = {
			isa = XCConfigurationList;
			buildConfigurations = (
				28F33BF82A3A42D3004F47F7 /* Debug */,
				28F33BF92A3A42D3004F47F7 /* Release */,
			);
			defaultConfigurationIsVisible = 0;
			defaultConfigurationName = Release;
		};
		28F33BFA2A3A42D3004F47F7 /* Build configuration list for PBXNativeTarget "SwiftyShader" */ = {
			isa = XCConfigurationList;
			buildConfigurations = (
				28F33BFB2A3A42D3004F47F7 /* Debug */,
				28F33BFC2A3A42D3004F47F7 /* Release */,
			);
			defaultConfigurationIsVisible = 0;
			defaultConfigurationName = Release;
		};
		28F33BFD2A3A42D3004F47F7 /* Build configuration list for PBXNativeTarget "SwiftyShaderTests" */ = {
			isa = XCConfigurationList;
			buildConfigurations = (
				28F33BFE2A3A42D3004F47F7 /* Debug */,
				28F33BFF2A3A42D3004F47F7 /* Release */,
			);
			defaultConfigurationIsVisible = 0;
			defaultConfigurationName = Release;
		};
		28F33C002A3A42D3004F47F7 /* Build configuration list for PBXNativeTarget "SwiftyShaderUITests" */ = {
			isa = XCConfigurationList;
			buildConfigurations = (
				28F33C012A3A42D3004F47F7 /* Debug */,
				28F33C022A3A42D3004F47F7 /* Release */,
			);
			defaultConfigurationIsVisible = 0;
			defaultConfigurationName = Release;
		};
/* End XCConfigurationList section */
	};
	rootObject = 28F33BCA2A3A42D1004F47F7 /* Project object */;
}
